
Microsoft Visual Studio Solution File, Format Version 12.00
# Visual Studio Version 16
VisualStudioVersion = 16.0.34031.81
MinimumVisualStudioVersion = 10.0.40219.1
Project("{2150E333-8FDC-42A3-9474-1A3956D46DE8}") = "Task0", "Task0", "{E9866F71-7E5A-4447-B48A-032B2E44D909}"
EndProject
Project("{2150E333-8FDC-42A3-9474-1A3956D46DE8}") = "Task1", "Task1", "{81ACD117-FB50-45FD-A034-1B83F323C773}"
EndProject
Project("{2150E333-8FDC-42A3-9474-1A3956D46DE8}") = "Task2", "Task2", "{8A70DC13-A18A-4D29-8D83-7C7DFB3C8609}"
EndProject
Project("{2150E333-8FDC-42A3-9474-1A3956D46DE8}") = "Task3", "Task3", "{21C66795-592D-480F-92FE-FF477D6C0755}"
EndProject
Project("{2150E333-8FDC-42A3-9474-1A3956D46DE8}") = "Task4", "Task4", "{9F9855CD-8EB4-4016-936A-B8D9860B34F7}"
EndProject
Project("{2150E333-8FDC-42A3-9474-1A3956D46DE8}") = "Task5", "Task5", "{E175AA9D-F486-4E61-8F6C-249A214CEE19}"
EndProject
Project("{2150E333-8FDC-42A3-9474-1A3956D46DE8}") = "Task6", "Task6", "{F69A6BD7-9851-4717-8DBD-9A62553B6BD3}"
EndProject
Project("{2150E333-8FDC-42A3-9474-1A3956D46DE8}") = "Task7", "Task7", "{9DF5EAE2-BAC5-4FA5-8E5A-415987FACCE9}"
EndProject
Project("{FAE04EC0-301F-11D3-BF4B-00C04F79EFBC}") = "Tyuiu.TretyakovDV.Sprint2.Task0.V11", "Tyuiu.TretyakovDV.Sprint2.Task0.V11\Tyuiu.TretyakovDV.Sprint2.Task0.V11.csproj", "{426339AC-F48E-4CCB-8493-FEE9F69601F3}"
EndProject
Project("{FAE04EC0-301F-11D3-BF4B-00C04F79EFBC}") = "Tyuiu.TretyakovDV.Sprint2.Task0.V11.Test", "Tyuiu.TretyakovDV.Sprint2.Task0.V11.Test\Tyuiu.TretyakovDV.Sprint2.Task0.V11.Test.csproj", "{C12780A6-84FD-437B-8383-8844A1868923}"
EndProject
Project("{FAE04EC0-301F-11D3-BF4B-00C04F79EFBC}") = "Tyuiu.TretyakovDV.Sprint2.Task0.V11.Lib", "Tyuiu.TretyakovDV.Sprint2.Task0.V11.Lib\Tyuiu.TretyakovDV.Sprint2.Task0.V11.Lib.csproj", "{A0B74766-9BB4-41DF-89A4-3C76032CB78F}"
EndProject
Project("{FAE04EC0-301F-11D3-BF4B-00C04F79EFBC}") = "Tyuiu.TretyakovDV.Sprint2.Task1.V7", "Tyuiu.TretyakovDV.Sprint2.Task1.V7\Tyuiu.TretyakovDV.Sprint2.Task1.V7.csproj", "{4A8BB336-CDA8-4090-BE7F-0B0A153F5862}"
EndProject
Project("{FAE04EC0-301F-11D3-BF4B-00C04F79EFBC}") = "Tyuiu.TretyakovDV.Sprint2.Task1.V7.Lib", "Tyuiu.TretyakovDV.Sprint2.Task1.V7.Lib\Tyuiu.TretyakovDV.Sprint2.Task1.V7.Lib.csproj", "{A4A5CF8E-2319-42AF-89AE-90D65F5743C8}"
EndProject
Project("{FAE04EC0-301F-11D3-BF4B-00C04F79EFBC}") = "Tyuiu.TretyakovDV.Sprint2.Task1.V7.Test", "Tyuiu.TretyakovDV.Sprint2.Task1.V7.Test\Tyuiu.TretyakovDV.Sprint2.Task1.V7.Test.csproj", "{3B6FB8D9-6C17-4406-831F-6C3FCA6A6646}"
EndProject
Project("{FAE04EC0-301F-11D3-BF4B-00C04F79EFBC}") = "Tyuiu.TretyakovDV.Sprint2.Task2.V9", "Tyuiu.TretyakovDV.Sprint2.Task2.V9\Tyuiu.TretyakovDV.Sprint2.Task2.V9.csproj", "{4E6652FA-7E96-4234-9EE2-F1C5C26AFD62}"
EndProject
Project("{FAE04EC0-301F-11D3-BF4B-00C04F79EFBC}") = "Tyuiu.TretyakovDV.Sprint2.Task2.V9.Test", "Tyuiu.TretyakovDV.Sprint2.Task2.V9.Test\Tyuiu.TretyakovDV.Sprint2.Task2.V9.Test.csproj", "{B4A8503D-C69F-4A83-B35A-2069003E1C89}"
EndProject
Project("{FAE04EC0-301F-11D3-BF4B-00C04F79EFBC}") = "Tyuiu.TretyakovDV.Sprint2.Task2.V9.Lib", "Tyuiu.TretyakovDV.Sprint2.Task2.V9.Lib\Tyuiu.TretyakovDV.Sprint2.Task2.V9.Lib.csproj", "{E3D9B3DA-EF98-4D2C-AE38-2EA52365BA64}"
EndProject
Global
	GlobalSection(SolutionConfigurationPlatforms) = preSolution
		Debug|Any CPU = Debug|Any CPU
		Release|Any CPU = Release|Any CPU
	EndGlobalSection
	GlobalSection(ProjectConfigurationPlatforms) = postSolution
		{426339AC-F48E-4CCB-8493-FEE9F69601F3}.Debug|Any CPU.ActiveCfg = Debug|Any CPU
		{426339AC-F48E-4CCB-8493-FEE9F69601F3}.Debug|Any CPU.Build.0 = Debug|Any CPU
		{426339AC-F48E-4CCB-8493-FEE9F69601F3}.Release|Any CPU.ActiveCfg = Release|Any CPU
		{426339AC-F48E-4CCB-8493-FEE9F69601F3}.Release|Any CPU.Build.0 = Release|Any CPU
		{C12780A6-84FD-437B-8383-8844A1868923}.Debug|Any CPU.ActiveCfg = Debug|Any CPU
		{C12780A6-84FD-437B-8383-8844A1868923}.Debug|Any CPU.Build.0 = Debug|Any CPU
		{C12780A6-84FD-437B-8383-8844A1868923}.Release|Any CPU.ActiveCfg = Release|Any CPU
		{C12780A6-84FD-437B-8383-8844A1868923}.Release|Any CPU.Build.0 = Release|Any CPU
		{A0B74766-9BB4-41DF-89A4-3C76032CB78F}.Debug|Any CPU.ActiveCfg = Debug|Any CPU
		{A0B74766-9BB4-41DF-89A4-3C76032CB78F}.Debug|Any CPU.Build.0 = Debug|Any CPU
		{A0B74766-9BB4-41DF-89A4-3C76032CB78F}.Release|Any CPU.ActiveCfg = Release|Any CPU
		{A0B74766-9BB4-41DF-89A4-3C76032CB78F}.Release|Any CPU.Build.0 = Release|Any CPU
		{4A8BB336-CDA8-4090-BE7F-0B0A153F5862}.Debug|Any CPU.ActiveCfg = Debug|Any CPU
		{4A8BB336-CDA8-4090-BE7F-0B0A153F5862}.Debug|Any CPU.Build.0 = Debug|Any CPU
		{4A8BB336-CDA8-4090-BE7F-0B0A153F5862}.Release|Any CPU.ActiveCfg = Release|Any CPU
		{4A8BB336-CDA8-4090-BE7F-0B0A153F5862}.Release|Any CPU.Build.0 = Release|Any CPU
		{A4A5CF8E-2319-42AF-89AE-90D65F5743C8}.Debug|Any CPU.ActiveCfg = Debug|Any CPU
		{A4A5CF8E-2319-42AF-89AE-90D65F5743C8}.Debug|Any CPU.Build.0 = Debug|Any CPU
		{A4A5CF8E-2319-42AF-89AE-90D65F5743C8}.Release|Any CPU.ActiveCfg = Release|Any CPU
		{A4A5CF8E-2319-42AF-89AE-90D65F5743C8}.Release|Any CPU.Build.0 = Release|Any CPU
		{3B6FB8D9-6C17-4406-831F-6C3FCA6A6646}.Debug|Any CPU.ActiveCfg = Debug|Any CPU
		{3B6FB8D9-6C17-4406-831F-6C3FCA6A6646}.Debug|Any CPU.Build.0 = Debug|Any CPU
		{3B6FB8D9-6C17-4406-831F-6C3FCA6A6646}.Release|Any CPU.ActiveCfg = Release|Any CPU
		{3B6FB8D9-6C17-4406-831F-6C3FCA6A6646}.Release|Any CPU.Build.0 = Release|Any CPU
		{4E6652FA-7E96-4234-9EE2-F1C5C26AFD62}.Debug|Any CPU.ActiveCfg = Debug|Any CPU
		{4E6652FA-7E96-4234-9EE2-F1C5C26AFD62}.Debug|Any CPU.Build.0 = Debug|Any CPU
		{4E6652FA-7E96-4234-9EE2-F1C5C26AFD62}.Release|Any CPU.ActiveCfg = Release|Any CPU
		{4E6652FA-7E96-4234-9EE2-F1C5C26AFD62}.Release|Any CPU.Build.0 = Release|Any CPU
		{B4A8503D-C69F-4A83-B35A-2069003E1C89}.Debug|Any CPU.ActiveCfg = Debug|Any CPU
		{B4A8503D-C69F-4A83-B35A-2069003E1C89}.Debug|Any CPU.Build.0 = Debug|Any CPU
		{B4A8503D-C69F-4A83-B35A-2069003E1C89}.Release|Any CPU.ActiveCfg = Release|Any CPU
		{B4A8503D-C69F-4A83-B35A-2069003E1C89}.Release|Any CPU.Build.0 = Release|Any CPU
		{E3D9B3DA-EF98-4D2C-AE38-2EA52365BA64}.Debug|Any CPU.ActiveCfg = Debug|Any CPU
		{E3D9B3DA-EF98-4D2C-AE38-2EA52365BA64}.Debug|Any CPU.Build.0 = Debug|Any CPU
		{E3D9B3DA-EF98-4D2C-AE38-2EA52365BA64}.Release|Any CPU.ActiveCfg = Release|Any CPU
		{E3D9B3DA-EF98-4D2C-AE38-2EA52365BA64}.Release|Any CPU.Build.0 = Release|Any CPU
	EndGlobalSection
	GlobalSection(SolutionProperties) = preSolution
		HideSolutionNode = FALSE
	EndGlobalSection
	GlobalSection(NestedProjects) = preSolution
		{426339AC-F48E-4CCB-8493-FEE9F69601F3} = {E9866F71-7E5A-4447-B48A-032B2E44D909}
		{C12780A6-84FD-437B-8383-8844A1868923} = {E9866F71-7E5A-4447-B48A-032B2E44D909}
		{A0B74766-9BB4-41DF-89A4-3C76032CB78F} = {E9866F71-7E5A-4447-B48A-032B2E44D909}
		{4A8BB336-CDA8-4090-BE7F-0B0A153F5862} = {81ACD117-FB50-45FD-A034-1B83F323C773}
		{A4A5CF8E-2319-42AF-89AE-90D65F5743C8} = {81ACD117-FB50-45FD-A034-1B83F323C773}
		{3B6FB8D9-6C17-4406-831F-6C3FCA6A6646} = {81ACD117-FB50-45FD-A034-1B83F323C773}
		{4E6652FA-7E96-4234-9EE2-F1C5C26AFD62} = {8A70DC13-A18A-4D29-8D83-7C7DFB3C8609}
		{B4A8503D-C69F-4A83-B35A-2069003E1C89} = {8A70DC13-A18A-4D29-8D83-7C7DFB3C8609}
		{E3D9B3DA-EF98-4D2C-AE38-2EA52365BA64} = {8A70DC13-A18A-4D29-8D83-7C7DFB3C8609}
	EndGlobalSection
	GlobalSection(ExtensibilityGlobals) = postSolution
		SolutionGuid = {A6C17393-0C9A-4920-8A05-5EC9239E5474}
	EndGlobalSection
EndGlobal
